lockfileVersion: 5.4

specifiers:
  '@figma/plugin-typings': '*'
  '@types/prettier': ^2.7.3
  prettier: ^2.8.8
  typescript: '*'

dependencies:
  prettier: 2.8.8

devDependencies:
  '@figma/plugin-typings': 1.68.0
  '@types/prettier': 2.7.3
  typescript: 5.1.3

packages:

  /@figma/plugin-typings/1.68.0:
    resolution: {integrity: sha512-hT+iqf5CRRqKI7NmPdwml+Ld/mG1QM8VcZZURV2AowIy6vC3VQ2iIIT5d7ulDnQU+WzQDvaGaDAw/J5X6tQ2Ww==}
    dev: true

  /@types/prettier/2.7.3:
    resolution: {integrity: sha512-+68kP9yzs4LMp7VNh8gdzMSPZFL44MLGqiHWvttYJe+6qnuVr4Ek9wSBQoveqY/r+LwjCcU29kNVkidwim+kYA==}
    dev: true

  /prettier/2.8.8:
    resolution: {integrity: sha512-tdN8qQGvNjw4CHbY+XXk0JgCXn9QiF21a55rBe5LJAU+kDyC4WQn4+awm2Xfk2lQMk5fKup9XgzTZtGkjBdP9Q==}
    engines: {node: '>=10.13.0'}
    hasBin: true
    dev: false

  /typescript/5.1.3:
    resolution: {integrity: sha512-XH627E9vkeqhlZFQuL+UsyAXEnibT0kWR2FWONlr4sTjvxyJYnyefgrkyECLzM5NenmKzRAy2rR/OlYLA1HkZw==}
    engines: {node: '>=14.17'}
    hasBin: true
    dev: true
